{
  "name": "sirraya-test",
  "lockfileVersion": 3,
  "requires": true,
  "packages": {
    "": {
      "dependencies": {
        "sirraya-sdk": "^1.0.2"
      }
    },
    "node_modules/sirraya-sdk": {
      "version": "1.0.2",
      "resolved": "https://registry.npmjs.org/sirraya-sdk/-/sirraya-sdk-1.0.2.tgz",
      "integrity": "sha512-5kKKDR8GEVaXk8QJKyj0wZXbZfjRZH+Bd91dnLUdQfBgzDEzv3FOt6rl5ldebdq9Q4CQSSc9XkfWSe5xWAiXQQ==",
      "license": "ISC"
    }
  }
}
